
Microsoft Visual Studio Solution File, Format Version 12.00
# Visual Studio Version 16
VisualStudioVersion = 16.0.31321.278
MinimumVisualStudioVersion = 10.0.40219.1
Project("{9A19103F-16F7-4668-BE54-9A1E7A4F7556}") = "ControleFinanceiro.API", "ControleFinanceiro.API.csproj", "{3AE65B62-FFAE-4F91-B022-048DC62EF6BD}"
EndProject
Project("{FAE04EC0-301F-11D3-BF4B-00C04F79EFBC}") = "ControleFinanceiro.BLL", "..\ControleFinanceiro.BLL\ControleFinanceiro.BLL.csproj", "{47C67617-A051-48AE-B1AB-EFE98504DDD1}"
EndProject
Project("{FAE04EC0-301F-11D3-BF4B-00C04F79EFBC}") = "ControleFinanceiro.DAL", "..\ControleFinanceiro.DAL\ControleFinanceiro.DAL.csproj", "{BCBA56D8-C4B1-4904-8804-9FEB7C000821}"
EndProject
Global
	GlobalSection(SolutionConfigurationPlatforms) = preSolution
		Debug|Any CPU = Debug|Any CPU
		Release|Any CPU = Release|Any CPU
	EndGlobalSection
	GlobalSection(ProjectConfigurationPlatforms) = postSolution
		{3AE65B62-FFAE-4F91-B022-048DC62EF6BD}.Debug|Any CPU.ActiveCfg = Debug|Any CPU
		{3AE65B62-FFAE-4F91-B022-048DC62EF6BD}.Debug|Any CPU.Build.0 = Debug|Any CPU
		{3AE65B62-FFAE-4F91-B022-048DC62EF6BD}.Release|Any CPU.ActiveCfg = Release|Any CPU
		{3AE65B62-FFAE-4F91-B022-048DC62EF6BD}.Release|Any CPU.Build.0 = Release|Any CPU
		{47C67617-A051-48AE-B1AB-EFE98504DDD1}.Debug|Any CPU.ActiveCfg = Debug|Any CPU
		{47C67617-A051-48AE-B1AB-EFE98504DDD1}.Debug|Any CPU.Build.0 = Debug|Any CPU
		{47C67617-A051-48AE-B1AB-EFE98504DDD1}.Release|Any CPU.ActiveCfg = Release|Any CPU
		{47C67617-A051-48AE-B1AB-EFE98504DDD1}.Release|Any CPU.Build.0 = Release|Any CPU
		{BCBA56D8-C4B1-4904-8804-9FEB7C000821}.Debug|Any CPU.ActiveCfg = Debug|Any CPU
		{BCBA56D8-C4B1-4904-8804-9FEB7C000821}.Debug|Any CPU.Build.0 = Debug|Any CPU
		{BCBA56D8-C4B1-4904-8804-9FEB7C000821}.Release|Any CPU.ActiveCfg = Release|Any CPU
		{BCBA56D8-C4B1-4904-8804-9FEB7C000821}.Release|Any CPU.Build.0 = Release|Any CPU
	EndGlobalSection
	GlobalSection(SolutionProperties) = preSolution
		HideSolutionNode = FALSE
	EndGlobalSection
	GlobalSection(ExtensibilityGlobals) = postSolution
		SolutionGuid = {D6755CE0-DD48-4750-9260-EEBA5AB77473}
	EndGlobalSection
EndGlobal
